
Microsoft Visual Studio Solution File, Format Version 12.00
# Visual Studio Version 17
VisualStudioVersion = 17.5.33627.172
MinimumVisualStudioVersion = 10.0.40219.1
Project("{2150E333-8FDC-42A3-9474-1A3956D46DE8}") = "Showcase", "Showcase", "{118E161A-741C-4F15-8F72-77B7C22EC9BE}"
EndProject
Project("{9A19103F-16F7-4668-BE54-9A1E7A4F7556}") = "IdentityManagement.Contract", "src\Contract\IdentityManagement.Contract.csproj", "{44E3CACD-E0B9-4EA8-9BD9-42FF70C3D9AC}"
EndProject
Project("{FAE04EC0-301F-11D3-BF4B-00C04F79EFBC}") = "(Modeling)", "src\EDMX\(Modeling).csproj", "{F66DE0E0-4F05-4B96-A182-605EA0BD7F3C}"
EndProject
Project("{9A19103F-16F7-4668-BE54-9A1E7A4F7556}") = "IdentityManagement.ShowcaseService", "src\ShowcaseService\IdentityManagement.ShowcaseService.csproj", "{C8F1A8F0-D513-4788-96A7-BE2F146C5FBC}"
EndProject
Project("{9A19103F-16F7-4668-BE54-9A1E7A4F7556}") = "IdentityManagement.ShowcaseService.WebAPI", "src\ShowcaseService.WebAPI\IdentityManagement.ShowcaseService.WebAPI.csproj", "{7861AE44-DB5D-448E-8F63-3E380F9656D9}"
EndProject
Project("{2150E333-8FDC-42A3-9474-1A3956D46DE8}") = "(Solution Items)", "(Solution Items)", "{A7CB3963-D57E-4F10-AAC1-74148C39324D}"
	ProjectSection(SolutionItems) = preProject
		..\vers\changelog.md = ..\vers\changelog.md
		ORSCF.IdentityManagement.Contract.nuspec = ORSCF.IdentityManagement.Contract.nuspec
		ORSCF.IdentityManagement.ShowcaseService.nuspec = ORSCF.IdentityManagement.ShowcaseService.nuspec
		..\readme.md = ..\readme.md
	EndProjectSection
EndProject
Project("{2150E333-8FDC-42A3-9474-1A3956D46DE8}") = "Solution Items", "Solution Items", "{98835824-2F46-4E49-BF9E-BC3CAAB35ED7}"
	ProjectSection(SolutionItems) = preProject
		(tools)\MDgen.Readme.txt = (tools)\MDgen.Readme.txt
		(tools)\MDgen.Sample.tt = (tools)\MDgen.Sample.tt
	EndProjectSection
EndProject
Project("{2150E333-8FDC-42A3-9474-1A3956D46DE8}") = "NewFolder1", "NewFolder1", "{C014450B-2108-404C-AEF6-F05E980FF2B1}"
EndProject
Project("{2150E333-8FDC-42A3-9474-1A3956D46DE8}") = "NewFolder2", "NewFolder2", "{204770FD-6703-44FF-A5B3-2FF09C43F72E}"
EndProject
Project("{2150E333-8FDC-42A3-9474-1A3956D46DE8}") = "NewFolder3", "NewFolder3", "{83FB851C-44A7-4771-9F16-78A2CA54F6CA}"
EndProject
Project("{2150E333-8FDC-42A3-9474-1A3956D46DE8}") = "NewFolder4", "NewFolder4", "{91735288-74EE-4E64-BF51-F31ABB2B67C9}"
EndProject
Project("{2150E333-8FDC-42A3-9474-1A3956D46DE8}") = "NewFolder5", "NewFolder5", "{FCA2FBB3-88E8-428C-9A51-AB7616CE72F0}"
EndProject
Global
	GlobalSection(SolutionConfigurationPlatforms) = preSolution
		Debug|Any CPU = Debug|Any CPU
		Release|Any CPU = Release|Any CPU
	EndGlobalSection
	GlobalSection(ProjectConfigurationPlatforms) = postSolution
		{44E3CACD-E0B9-4EA8-9BD9-42FF70C3D9AC}.Debug|Any CPU.ActiveCfg = Debug|Any CPU
		{44E3CACD-E0B9-4EA8-9BD9-42FF70C3D9AC}.Debug|Any CPU.Build.0 = Debug|Any CPU
		{44E3CACD-E0B9-4EA8-9BD9-42FF70C3D9AC}.Release|Any CPU.ActiveCfg = Release|Any CPU
		{44E3CACD-E0B9-4EA8-9BD9-42FF70C3D9AC}.Release|Any CPU.Build.0 = Release|Any CPU
		{F66DE0E0-4F05-4B96-A182-605EA0BD7F3C}.Debug|Any CPU.ActiveCfg = Debug|Any CPU
		{F66DE0E0-4F05-4B96-A182-605EA0BD7F3C}.Debug|Any CPU.Build.0 = Debug|Any CPU
		{F66DE0E0-4F05-4B96-A182-605EA0BD7F3C}.Release|Any CPU.ActiveCfg = Release|Any CPU
		{F66DE0E0-4F05-4B96-A182-605EA0BD7F3C}.Release|Any CPU.Build.0 = Release|Any CPU
		{C8F1A8F0-D513-4788-96A7-BE2F146C5FBC}.Debug|Any CPU.ActiveCfg = Debug|Any CPU
		{C8F1A8F0-D513-4788-96A7-BE2F146C5FBC}.Debug|Any CPU.Build.0 = Debug|Any CPU
		{C8F1A8F0-D513-4788-96A7-BE2F146C5FBC}.Release|Any CPU.ActiveCfg = Release|Any CPU
		{C8F1A8F0-D513-4788-96A7-BE2F146C5FBC}.Release|Any CPU.Build.0 = Release|Any CPU
		{7861AE44-DB5D-448E-8F63-3E380F9656D9}.Debug|Any CPU.ActiveCfg = Debug|Any CPU
		{7861AE44-DB5D-448E-8F63-3E380F9656D9}.Debug|Any CPU.Build.0 = Debug|Any CPU
		{7861AE44-DB5D-448E-8F63-3E380F9656D9}.Release|Any CPU.ActiveCfg = Release|Any CPU
		{7861AE44-DB5D-448E-8F63-3E380F9656D9}.Release|Any CPU.Build.0 = Release|Any CPU
	EndGlobalSection
	GlobalSection(SolutionProperties) = preSolution
		HideSolutionNode = FALSE
	EndGlobalSection
	GlobalSection(NestedProjects) = preSolution
		{C8F1A8F0-D513-4788-96A7-BE2F146C5FBC} = {118E161A-741C-4F15-8F72-77B7C22EC9BE}
		{7861AE44-DB5D-448E-8F63-3E380F9656D9} = {118E161A-741C-4F15-8F72-77B7C22EC9BE}
	EndGlobalSection
	GlobalSection(ExtensibilityGlobals) = postSolution
		SolutionGuid = {174839FD-71CD-40F0-9F70-CAE01B1C345A}
	EndGlobalSection
EndGlobal
